
Microsoft Visual Studio Solution File, Format Version 12.00
# Visual Studio Version 16
VisualStudioVersion = 16.0.30717.126
MinimumVisualStudioVersion = 10.0.40219.1
Project("{FAE04EC0-301F-11D3-BF4B-00C04F79EFBC}") = "usbrelay", "usbrelay\usbrelay.csproj", "{631C2238-F719-436A-97B5-FB4F7AD7979E}"
EndProject
Global
	GlobalSection(SolutionConfigurationPlatforms) = preSolution
		Debug|Any CPU = Debug|Any CPU
		Release|Any CPU = Release|Any CPU
	EndGlobalSection
	GlobalSection(ProjectConfigurationPlatforms) = postSolution
		{631C2238-F719-436A-97B5-FB4F7AD7979E}.Debug|Any CPU.ActiveCfg = Debug|Any CPU
		{631C2238-F719-436A-97B5-FB4F7AD7979E}.Debug|Any CPU.Build.0 = Debug|Any CPU
		{631C2238-F719-436A-97B5-FB4F7AD7979E}.Release|Any CPU.ActiveCfg = Release|Any CPU
		{631C2238-F719-436A-97B5-FB4F7AD7979E}.Release|Any CPU.Build.0 = Release|Any CPU
	EndGlobalSection
	GlobalSection(SolutionProperties) = preSolution
		HideSolutionNode = FALSE
	EndGlobalSection
	GlobalSection(ExtensibilityGlobals) = postSolution
		SolutionGuid = {10238098-E7AB-4AE2-B79B-4C6B94EA943E}
	EndGlobalSection
EndGlobal
